
Microsoft Visual Studio Solution File, Format Version 12.00
# Visual Studio Version 16
VisualStudioVersion = 16.0.31129.286
MinimumVisualStudioVersion = 10.0.40219.1
Project("{FAE04EC0-301F-11D3-BF4B-00C04F79EFBC}") = "floesm_pro", "floesm_pro\floesm_pro.csproj", "{6A42EEB6-3B54-479F-BC69-230739F5C737}"
EndProject
Global
	GlobalSection(SolutionConfigurationPlatforms) = preSolution
		Debug|Any CPU = Debug|Any CPU
		Release|Any CPU = Release|Any CPU
	EndGlobalSection
	GlobalSection(ProjectConfigurationPlatforms) = postSolution
		{6A42EEB6-3B54-479F-BC69-230739F5C737}.Debug|Any CPU.ActiveCfg = Debug|Any CPU
		{6A42EEB6-3B54-479F-BC69-230739F5C737}.Debug|Any CPU.Build.0 = Debug|Any CPU
		{6A42EEB6-3B54-479F-BC69-230739F5C737}.Release|Any CPU.ActiveCfg = Release|Any CPU
		{6A42EEB6-3B54-479F-BC69-230739F5C737}.Release|Any CPU.Build.0 = Release|Any CPU
	EndGlobalSection
	GlobalSection(SolutionProperties) = preSolution
		HideSolutionNode = FALSE
	EndGlobalSection
	GlobalSection(ExtensibilityGlobals) = postSolution
		SolutionGuid = {B9B81849-99D5-4F8C-84E6-206ACA89CD57}
	EndGlobalSection
EndGlobal
